
Microsoft Visual Studio Solution File, Format Version 12.00
# Visual Studio Version 16
VisualStudioVersion = 16.0.30523.141
MinimumVisualStudioVersion = 10.0.40219.1
Project("{FAE04EC0-301F-11D3-BF4B-00C04F79EFBC}") = "Drofsnar", "Drofsnar\Drofsnar.csproj", "{7FBFB11E-8F0A-457B-B608-869671523A4F}"
EndProject
Global
	GlobalSection(SolutionConfigurationPlatforms) = preSolution
		Debug|Any CPU = Debug|Any CPU
		Release|Any CPU = Release|Any CPU
	EndGlobalSection
	GlobalSection(ProjectConfigurationPlatforms) = postSolution
		{7FBFB11E-8F0A-457B-B608-869671523A4F}.Debug|Any CPU.ActiveCfg = Debug|Any CPU
		{7FBFB11E-8F0A-457B-B608-869671523A4F}.Debug|Any CPU.Build.0 = Debug|Any CPU
		{7FBFB11E-8F0A-457B-B608-869671523A4F}.Release|Any CPU.ActiveCfg = Release|Any CPU
		{7FBFB11E-8F0A-457B-B608-869671523A4F}.Release|Any CPU.Build.0 = Release|Any CPU
	EndGlobalSection
	GlobalSection(SolutionProperties) = preSolution
		HideSolutionNode = FALSE
	EndGlobalSection
	GlobalSection(ExtensibilityGlobals) = postSolution
		SolutionGuid = {98815873-7072-4F70-922D-363B270A061D}
	EndGlobalSection
EndGlobal
